
Microsoft Visual Studio Solution File, Format Version 12.00
# Visual Studio Version 17
VisualStudioVersion = 17.14.36408.4 d17.14
MinimumVisualStudioVersion = 10.0.40219.1
Project("{8BC9CEB8-8B4A-11D0-8D11-00A0C91BC942}") = "Proyecto1EstructurasDeDatos", "Proyecto1EstructurasDeDatos\Proyecto1EstructurasDeDatos.vcxproj", "{4E7E093B-AB3C-45E9-85F7-983BC3F58475}"
EndProject
Global
	GlobalSection(SolutionConfigurationPlatforms) = preSolution
		Debug|x64 = Debug|x64
		Release|x64 = Release|x64
	EndGlobalSection
	GlobalSection(ProjectConfigurationPlatforms) = postSolution
		{4E7E093B-AB3C-45E9-85F7-983BC3F58475}.Debug|x64.ActiveCfg = Debug|x64
		{4E7E093B-AB3C-45E9-85F7-983BC3F58475}.Debug|x64.Build.0 = Debug|x64
		{4E7E093B-AB3C-45E9-85F7-983BC3F58475}.Release|x64.ActiveCfg = Release|x64
		{4E7E093B-AB3C-45E9-85F7-983BC3F58475}.Release|x64.Build.0 = Release|x64
	EndGlobalSection
	GlobalSection(SolutionProperties) = preSolution
		HideSolutionNode = FALSE
	EndGlobalSection
	GlobalSection(ExtensibilityGlobals) = postSolution
		SolutionGuid = {2C054039-C921-4BDA-9AC5-445395D5D2D5}
	EndGlobalSection
EndGlobal
