<?xml version="1.0" encoding="utf-8"?>
<Project ToolsVersion="4.0" xmlns="http://schemas.microsoft.com/developer/msbuild/2003">
  <ItemGroup>
    <Filter Include="Source Files">
      <UniqueIdentifier>{4FC737F1-C7A5-4376-A066-2A32D752A2FF}</UniqueIdentifier>
      <Extensions>qml;cpp;c;cc;cxx;def;odl;idl;hpj;bat;asm;asmx</Extensions>
    </Filter>
    <Filter Include="Header Files">
      <UniqueIdentifier>{93995380-89BD-4b04-88EB-625FBE52EBFB}</UniqueIdentifier>
      <Extensions>h;hh;hpp;hxx;hm;inl;inc;xsd</Extensions>
    </Filter>
    <Filter Include="Resource Files">
      <UniqueIdentifier>{67DA6AB6-F800-4c08-8B7A-83BB121AAD01}</UniqueIdentifier>
      <Extensions>qrc;rc;ico;cur;bmp;dlg;rc2;rct;bin;rgs;gif;jpg;jpeg;jpe;resx;tiff;tif;png;wav;mfcribbon-ms</Extensions>
    </Filter>
    <Filter Include="Form Files">
      <UniqueIdentifier>{99349809-55BA-4b9d-BF79-8FDBB0286EB3}</UniqueIdentifier>
      <Extensions>ui</Extensions>
    </Filter>
    <Filter Include="Translation Files">
      <UniqueIdentifier>{639EADAA-A684-42e4-A9AD-28FC9BCB8F7C}</UniqueIdentifier>
      <Extensions>ts</Extensions>
    </Filter>
  </ItemGroup>
  <ItemGroup>
    <QtRcc Include="Proyecto1EstructurasDeDatos.qrc">
      <Filter>Resource Files</Filter>
    </QtRcc>
    <QtUic Include="Proyecto1EstructurasDeDatos.ui">
      <Filter>Form Files</Filter>
    </QtUic>
    <QtMoc Include="Proyecto1EstructurasDeDatos.h">
      <Filter>Header Files</Filter>
    </QtMoc>
    <ClCompile Include="Proyecto1EstructurasDeDatos.cpp">
      <Filter>Source Files</Filter>
    </ClCompile>
  </ItemGroup>
  <ItemGroup>
    <ClCompile Include="main.cpp">
      <Filter>Source Files</Filter>
    </ClCompile>
    <ClCompile Include="CodeGenerator.cpp">
      <Filter>Source Files</Filter>
    </ClCompile>
    <ClCompile Include="CodeWriter.cpp">
      <Filter>Source Files</Filter>
    </ClCompile>
    <ClCompile Include="Instruction.cpp">
      <Filter>Source Files</Filter>
    </ClCompile>
    <ClCompile Include="InstructionProcessor.cpp">
      <Filter>Source Files</Filter>
    </ClCompile>
    <ClCompile Include="LanguageDictionary.cpp">
      <Filter>Source Files</Filter>
    </ClCompile>
    <ClCompile Include="LineList.cpp">
      <Filter>Source Files</Filter>
    </ClCompile>
    <ClCompile Include="LineNode.cpp">
      <Filter>Source Files</Filter>
    </ClCompile>
    <ClCompile Include="SystemManager.cpp">
      <Filter>Source Files</Filter>
    </ClCompile>
    <ClCompile Include="TextFileReader.cpp">
      <Filter>Source Files</Filter>
    </ClCompile>
    <ClCompile Include="TextHelper.cpp">
      <Filter>Source Files</Filter>
    </ClCompile>
    <ClCompile Include="Variable.cpp">
      <Filter>Source Files</Filter>
    </ClCompile>
    <ClCompile Include="VariableList.cpp">
      <Filter>Source Files</Filter>
    </ClCompile>
    <ClCompile Include="VariableNode.cpp">
      <Filter>Source Files</Filter>
    </ClCompile>
    <ClCompile Include="MainWindow.cpp">
      <Filter>Source Files</Filter>
    </ClCompile>
  </ItemGroup>
  <ItemGroup>
    <ClInclude Include="CodeGenerator.h">
      <Filter>Header Files</Filter>
    </ClInclude>
    <ClInclude Include="CodeWriter.h">
      <Filter>Header Files</Filter>
    </ClInclude>
    <ClInclude Include="Instruction.h">
      <Filter>Header Files</Filter>
    </ClInclude>
    <ClInclude Include="InstructionProcessor.h">
      <Filter>Header Files</Filter>
    </ClInclude>
    <ClInclude Include="LanguageDictionary.h">
      <Filter>Header Files</Filter>
    </ClInclude>
    <ClInclude Include="LineList.h">
      <Filter>Header Files</Filter>
    </ClInclude>
    <ClInclude Include="LineNode.h">
      <Filter>Header Files</Filter>
    </ClInclude>
    <ClInclude Include="SystemManager.h">
      <Filter>Header Files</Filter>
    </ClInclude>
    <ClInclude Include="TextHelper.h">
      <Filter>Header Files</Filter>
    </ClInclude>
    <ClInclude Include="TextFileReader.h">
      <Filter>Header Files</Filter>
    </ClInclude>
    <ClInclude Include="Variable.h">
      <Filter>Header Files</Filter>
    </ClInclude>
    <ClInclude Include="VariableList.h">
      <Filter>Header Files</Filter>
    </ClInclude>
    <ClInclude Include="VariableNode.h">
      <Filter>Header Files</Filter>
    </ClInclude>
  </ItemGroup>
  <ItemGroup>
    <QtMoc Include="InstructionHighlighter.h">
      <Filter>Header Files</Filter>
    </QtMoc>
    <QtMoc Include="MainWindow.h">
      <Filter>Header Files</Filter>
    </QtMoc>
  </ItemGroup>
</Project>